
Microsoft Visual Studio Solution File, Format Version 12.00
# Visual Studio 2013
VisualStudioVersion = 12.0.30501.0
MinimumVisualStudioVersion = 10.0.40219.1
Project("{FAE04EC0-301F-11D3-BF4B-00C04F79EFBC}") = "ManualHtmlCacheClearer", "ManualHtmlCacheClearer\ManualHtmlCacheClearer.csproj", "{577C37FA-2739-480C-A00B-C00EB212861E}"
EndProject
Project("{FAE04EC0-301F-11D3-BF4B-00C04F79EFBC}") = "ManualHtmlCacheClearer.Tests", "ManualHtmlCacheClearer.Tests\ManualHtmlCacheClearer.Tests.csproj", "{35E2F970-DEEE-401C-A1EE-8B2963BE13E2}"
EndProject
Global
	GlobalSection(SolutionConfigurationPlatforms) = preSolution
		Debug|Any CPU = Debug|Any CPU
		Release|Any CPU = Release|Any CPU
	EndGlobalSection
	GlobalSection(ProjectConfigurationPlatforms) = postSolution
		{577C37FA-2739-480C-A00B-C00EB212861E}.Debug|Any CPU.ActiveCfg = Debug|Any CPU
		{577C37FA-2739-480C-A00B-C00EB212861E}.Debug|Any CPU.Build.0 = Debug|Any CPU
		{577C37FA-2739-480C-A00B-C00EB212861E}.Release|Any CPU.ActiveCfg = Release|Any CPU
		{577C37FA-2739-480C-A00B-C00EB212861E}.Release|Any CPU.Build.0 = Release|Any CPU
		{35E2F970-DEEE-401C-A1EE-8B2963BE13E2}.Debug|Any CPU.ActiveCfg = Debug|Any CPU
		{35E2F970-DEEE-401C-A1EE-8B2963BE13E2}.Debug|Any CPU.Build.0 = Debug|Any CPU
		{35E2F970-DEEE-401C-A1EE-8B2963BE13E2}.Release|Any CPU.ActiveCfg = Release|Any CPU
		{35E2F970-DEEE-401C-A1EE-8B2963BE13E2}.Release|Any CPU.Build.0 = Release|Any CPU
	EndGlobalSection
	GlobalSection(SolutionProperties) = preSolution
		HideSolutionNode = FALSE
	EndGlobalSection
EndGlobal
